// !$*UTF8*$!
{
	archiveVersion = 1;
	classes = {
	};
	objectVersion = 51;
	objects = {

/* Begin PBXBuildFile section */
		523B2F593A5EFCDB5A9C4F91 /* Pods_InstagramCloneTests.framework in Frameworks */ = {isa = PBXBuildFile; fileRef = C1DE571CE3016C18008843D2 /* Pods_InstagramCloneTests.framework */; };
		A88C07DE715B32406EE1C5ED /* Pods_InstagramClone.framework in Frameworks */ = {isa = PBXBuildFile; fileRef = 32CD5477B1D74D3DF0E15547 /* Pods_InstagramClone.framework */; };
		BD40C798905E374A9BE1AD86 /* Pods_InstagramCloneUITests.framework in Frameworks */ = {isa = PBXBuildFile; fileRef = 167EA6151DB12D5FE1B90A41 /* Pods_InstagramCloneUITests.framework */; };
		CE238D2723F48D6100B899EE /* AppDelegate.swift in Sources */ = {isa = PBXBuildFile; fileRef = CE238D2623F48D6100B899EE /* AppDelegate.swift */; };
		CE238D2923F48D6100B899EE /* SignInViewController.swift in Sources */ = {isa = PBXBuildFile; fileRef = CE238D2823F48D6100B899EE /* SignInViewController.swift */; };
		CE238D2C23F48D6100B899EE /* Start.storyboard in Resources */ = {isa = PBXBuildFile; fileRef = CE238D2A23F48D6100B899EE /* Start.storyboard */; };
		CE238D2E23F48D6300B899EE /* Assets.xcassets in Resources */ = {isa = PBXBuildFile; fileRef = CE238D2D23F48D6300B899EE /* Assets.xcassets */; };
		CE238D3123F48D6300B899EE /* LaunchScreen.storyboard in Resources */ = {isa = PBXBuildFile; fileRef = CE238D2F23F48D6300B899EE /* LaunchScreen.storyboard */; };
		CE238D3C23F48D6300B899EE /* InstagramCloneTests.swift in Sources */ = {isa = PBXBuildFile; fileRef = CE238D3B23F48D6300B899EE /* InstagramCloneTests.swift */; };
		CE238D4723F48D6300B899EE /* InstagramCloneUITests.swift in Sources */ = {isa = PBXBuildFile; fileRef = CE238D4623F48D6300B899EE /* InstagramCloneUITests.swift */; };
		CE238D5523F4AC0F00B899EE /* SignUpViewController.swift in Sources */ = {isa = PBXBuildFile; fileRef = CE238D5423F4AC0F00B899EE /* SignUpViewController.swift */; };
		CE238D5723F4B9E800B899EE /* HomeViewController.swift in Sources */ = {isa = PBXBuildFile; fileRef = CE238D5623F4B9E800B899EE /* HomeViewController.swift */; };
		CE238D5923F4BA1400B899EE /* SerchViewController.swift in Sources */ = {isa = PBXBuildFile; fileRef = CE238D5823F4BA1400B899EE /* SerchViewController.swift */; };
		CE238D5B23F4BA4400B899EE /* CameraViewController.swift in Sources */ = {isa = PBXBuildFile; fileRef = CE238D5A23F4BA4400B899EE /* CameraViewController.swift */; };
		CE238D5D23F4BA9A00B899EE /* ActivityViewController.swift in Sources */ = {isa = PBXBuildFile; fileRef = CE238D5C23F4BA9A00B899EE /* ActivityViewController.swift */; };
		CE238D5F23F4BAC800B899EE /* ProfileViewController.swift in Sources */ = {isa = PBXBuildFile; fileRef = CE238D5E23F4BAC800B899EE /* ProfileViewController.swift */; };
		CE238D6223F4C05D00B899EE /* Main.storyboard in Resources */ = {isa = PBXBuildFile; fileRef = CE238D6023F4C05D00B899EE /* Main.storyboard */; };
		CE238D6423F4C3C100B899EE /* Home.storyboard in Resources */ = {isa = PBXBuildFile; fileRef = CE238D6323F4C3C100B899EE /* Home.storyboard */; };
		CE238D6723F4C3E500B899EE /* Discover.storyboard in Resources */ = {isa = PBXBuildFile; fileRef = CE238D6523F4C3E500B899EE /* Discover.storyboard */; };
		CE238D6923F4C41000B899EE /* Camera.storyboard in Resources */ = {isa = PBXBuildFile; fileRef = CE238D6823F4C41000B899EE /* Camera.storyboard */; };
		CE238D6C23F4C43A00B899EE /* Activity.storyboard in Resources */ = {isa = PBXBuildFile; fileRef = CE238D6A23F4C43A00B899EE /* Activity.storyboard */; };
		CE238D6E23F4C45A00B899EE /* Profile.storyboard in Resources */ = {isa = PBXBuildFile; fileRef = CE238D6D23F4C45A00B899EE /* Profile.storyboard */; };
		CE3BFF9C23F7FD460044760B /* AuthService.swift in Sources */ = {isa = PBXBuildFile; fileRef = CE3BFF9B23F7FD460044760B /* AuthService.swift */; };
		CE3BFFA123F818A70044760B /* ProgressHUD.bundle in Resources */ = {isa = PBXBuildFile; fileRef = CE3BFF9E23F818A70044760B /* ProgressHUD.bundle */; };
		CE3BFFA223F818A70044760B /* ProgressHUD.m in Sources */ = {isa = PBXBuildFile; fileRef = CE3BFF9F23F818A70044760B /* ProgressHUD.m */; };
		CE51C6DC23F5F3B700B382BD /* GoogleService-Info.plist in Resources */ = {isa = PBXBuildFile; fileRef = CE51C6DB23F5F3B700B382BD /* GoogleService-Info.plist */; };
/* End PBXBuildFile section */

/* Begin PBXContainerItemProxy section */
		CE238D3823F48D6300B899EE /* PBXContainerItemProxy */ = {
			isa = PBXContainerItemProxy;
			containerPortal = CE238D1B23F48D6100B899EE /* Project object */;
			proxyType = 1;
			remoteGlobalIDString = CE238D2223F48D6100B899EE;
			remoteInfo = InstagramClone;
		};
		CE238D4323F48D6300B899EE /* PBXContainerItemProxy */ = {
			isa = PBXContainerItemProxy;
			containerPortal = CE238D1B23F48D6100B899EE /* Project object */;
			proxyType = 1;
			remoteGlobalIDString = CE238D2223F48D6100B899EE;
			remoteInfo = InstagramClone;
		};
/* End PBXContainerItemProxy section */

/* Begin PBXFileReference section */
		074150E8BD78C22EAB4CD7E0 /* Pods-InstagramCloneTests.release.xcconfig */ = {isa = PBXFileReference; includeInIndex = 1; lastKnownFileType = text.xcconfig; name = "Pods-InstagramCloneTests.release.xcconfig"; path = "Target Support Files/Pods-InstagramCloneTests/Pods-InstagramCloneTests.release.xcconfig"; sourceTree = "<group>"; };
		167EA6151DB12D5FE1B90A41 /* Pods_InstagramCloneUITests.framework */ = {isa = PBXFileReference; explicitFileType = wrapper.framework; includeInIndex = 0; path = Pods_InstagramCloneUITests.framework; sourceTree = BUILT_PRODUCTS_DIR; };
		32CD5477B1D74D3DF0E15547 /* Pods_InstagramClone.framework */ = {isa = PBXFileReference; explicitFileType = wrapper.framework; includeInIndex = 0; path = Pods_InstagramClone.framework; sourceTree = BUILT_PRODUCTS_DIR; };
		3A32EAB3EDBB4F2A46BA4FA5 /* Pods-InstagramCloneTests.debug.xcconfig */ = {isa = PBXFileReference; includeInIndex = 1; lastKnownFileType = text.xcconfig; name = "Pods-InstagramCloneTests.debug.xcconfig"; path = "Target Support Files/Pods-InstagramCloneTests/Pods-InstagramCloneTests.debug.xcconfig"; sourceTree = "<group>"; };
		96F7713BBCF4663EF34A143F /* Pods-InstagramCloneUITests.release.xcconfig */ = {isa = PBXFileReference; includeInIndex = 1; lastKnownFileType = text.xcconfig; name = "Pods-InstagramCloneUITests.release.xcconfig"; path = "Target Support Files/Pods-InstagramCloneUITests/Pods-InstagramCloneUITests.release.xcconfig"; sourceTree = "<group>"; };
		B1A31767B049CE4152C9D132 /* Pods-InstagramCloneUITests.debug.xcconfig */ = {isa = PBXFileReference; includeInIndex = 1; lastKnownFileType = text.xcconfig; name = "Pods-InstagramCloneUITests.debug.xcconfig"; path = "Target Support Files/Pods-InstagramCloneUITests/Pods-InstagramCloneUITests.debug.xcconfig"; sourceTree = "<group>"; };
		BCB299421CDE38FAD0C221EA /* Pods-InstagramClone.debug.xcconfig */ = {isa = PBXFileReference; includeInIndex = 1; lastKnownFileType = text.xcconfig; name = "Pods-InstagramClone.debug.xcconfig"; path = "Target Support Files/Pods-InstagramClone/Pods-InstagramClone.debug.xcconfig"; sourceTree = "<group>"; };
		C1DE571CE3016C18008843D2 /* Pods_InstagramCloneTests.framework */ = {isa = PBXFileReference; explicitFileType = wrapper.framework; includeInIndex = 0; path = Pods_InstagramCloneTests.framework; sourceTree = BUILT_PRODUCTS_DIR; };
		CE238D2323F48D6100B899EE /* InstagramClone.app */ = {isa = PBXFileReference; explicitFileType = wrapper.application; includeInIndex = 0; path = InstagramClone.app; sourceTree = BUILT_PRODUCTS_DIR; };
		CE238D2623F48D6100B899EE /* AppDelegate.swift */ = {isa = PBXFileReference; lastKnownFileType = sourcecode.swift; path = AppDelegate.swift; sourceTree = "<group>"; };
		CE238D2823F48D6100B899EE /* SignInViewController.swift */ = {isa = PBXFileReference; lastKnownFileType = sourcecode.swift; path = SignInViewController.swift; sourceTree = "<group>"; };
		CE238D2B23F48D6100B899EE /* Base */ = {isa = PBXFileReference; lastKnownFileType = file.storyboard; name = Base; path = Base.lproj/Start.storyboard; sourceTree = "<group>"; };
		CE238D2D23F48D6300B899EE /* Assets.xcassets */ = {isa = PBXFileReference; lastKnownFileType = folder.assetcatalog; path = Assets.xcassets; sourceTree = "<group>"; };
		CE238D3023F48D6300B899EE /* Base */ = {isa = PBXFileReference; lastKnownFileType = file.storyboard; name = Base; path = Base.lproj/LaunchScreen.storyboard; sourceTree = "<group>"; };
		CE238D3223F48D6300B899EE /* Info.plist */ = {isa = PBXFileReference; lastKnownFileType = text.plist.xml; path = Info.plist; sourceTree = "<group>"; };
		CE238D3723F48D6300B899EE /* InstagramCloneTests.xctest */ = {isa = PBXFileReference; explicitFileType = wrapper.cfbundle; includeInIndex = 0; path = InstagramCloneTests.xctest; sourceTree = BUILT_PRODUCTS_DIR; };
		CE238D3B23F48D6300B899EE /* InstagramCloneTests.swift */ = {isa = PBXFileReference; lastKnownFileType = sourcecode.swift; path = InstagramCloneTests.swift; sourceTree = "<group>"; };
		CE238D3D23F48D6300B899EE /* Info.plist */ = {isa = PBXFileReference; lastKnownFileType = text.plist.xml; path = Info.plist; sourceTree = "<group>"; };
		CE238D4223F48D6300B899EE /* InstagramCloneUITests.xctest */ = {isa = PBXFileReference; explicitFileType = wrapper.cfbundle; includeInIndex = 0; path = InstagramCloneUITests.xctest; sourceTree = BUILT_PRODUCTS_DIR; };
		CE238D4623F48D6300B899EE /* InstagramCloneUITests.swift */ = {isa = PBXFileReference; lastKnownFileType = sourcecode.swift; path = InstagramCloneUITests.swift; sourceTree = "<group>"; };
		CE238D4823F48D6300B899EE /* Info.plist */ = {isa = PBXFileReference; lastKnownFileType = text.plist.xml; path = Info.plist; sourceTree = "<group>"; };
		CE238D5423F4AC0F00B899EE /* SignUpViewController.swift */ = {isa = PBXFileReference; lastKnownFileType = sourcecode.swift; path = SignUpViewController.swift; sourceTree = "<group>"; };
		CE238D5623F4B9E800B899EE /* HomeViewController.swift */ = {isa = PBXFileReference; lastKnownFileType = sourcecode.swift; path = HomeViewController.swift; sourceTree = "<group>"; };
		CE238D5823F4BA1400B899EE /* SerchViewController.swift */ = {isa = PBXFileReference; lastKnownFileType = sourcecode.swift; path = SerchViewController.swift; sourceTree = "<group>"; };
		CE238D5A23F4BA4400B899EE /* CameraViewController.swift */ = {isa = PBXFileReference; lastKnownFileType = sourcecode.swift; path = CameraViewController.swift; sourceTree = "<group>"; };
		CE238D5C23F4BA9A00B899EE /* ActivityViewController.swift */ = {isa = PBXFileReference; lastKnownFileType = sourcecode.swift; path = ActivityViewController.swift; sourceTree = "<group>"; };
		CE238D5E23F4BAC800B899EE /* ProfileViewController.swift */ = {isa = PBXFileReference; lastKnownFileType = sourcecode.swift; path = ProfileViewController.swift; sourceTree = "<group>"; };
		CE238D6123F4C05D00B899EE /* Base */ = {isa = PBXFileReference; lastKnownFileType = file.storyboard; name = Base; path = InstagramClone/Base.lproj/Main.storyboard; sourceTree = "<group>"; };
		CE238D6323F4C3C100B899EE /* Home.storyboard */ = {isa = PBXFileReference; fileEncoding = 4; lastKnownFileType = file.storyboard; path = Home.storyboard; sourceTree = "<group>"; };
		CE238D6623F4C3E500B899EE /* Base */ = {isa = PBXFileReference; lastKnownFileType = file.storyboard; name = Base; path = InstagramClone/Base.lproj/Discover.storyboard; sourceTree = "<group>"; };
		CE238D6823F4C41000B899EE /* Camera.storyboard */ = {isa = PBXFileReference; fileEncoding = 4; lastKnownFileType = file.storyboard; path = Camera.storyboard; sourceTree = "<group>"; };
		CE238D6B23F4C43A00B899EE /* Base */ = {isa = PBXFileReference; lastKnownFileType = file.storyboard; name = Base; path = InstagramClone/Base.lproj/Activity.storyboard; sourceTree = "<group>"; };
		CE238D6D23F4C45A00B899EE /* Profile.storyboard */ = {isa = PBXFileReference; fileEncoding = 4; lastKnownFileType = file.storyboard; path = Profile.storyboard; sourceTree = "<group>"; };
		CE3BFF9B23F7FD460044760B /* AuthService.swift */ = {isa = PBXFileReference; lastKnownFileType = sourcecode.swift; path = AuthService.swift; sourceTree = "<group>"; };
		CE3BFF9D23F818A60044760B /* InstagramClone-Bridging-Header.h */ = {isa = PBXFileReference; lastKnownFileType = sourcecode.c.h; path = "InstagramClone-Bridging-Header.h"; sourceTree = "<group>"; };
		CE3BFF9E23F818A70044760B /* ProgressHUD.bundle */ = {isa = PBXFileReference; lastKnownFileType = "wrapper.plug-in"; path = ProgressHUD.bundle; sourceTree = "<group>"; };
		CE3BFF9F23F818A70044760B /* ProgressHUD.m */ = {isa = PBXFileReference; fileEncoding = 4; lastKnownFileType = sourcecode.c.objc; path = ProgressHUD.m; sourceTree = "<group>"; };
		CE3BFFA023F818A70044760B /* ProgressHUD.h */ = {isa = PBXFileReference; fileEncoding = 4; lastKnownFileType = sourcecode.c.h; path = ProgressHUD.h; sourceTree = "<group>"; };
		CE51C6DB23F5F3B700B382BD /* GoogleService-Info.plist */ = {isa = PBXFileReference; fileEncoding = 4; lastKnownFileType = text.plist.xml; path = "GoogleService-Info.plist"; sourceTree = "<group>"; };
		ED7B61A40967BC3733B0023D /* Pods-InstagramClone.release.xcconfig */ = {isa = PBXFileReference; includeInIndex = 1; lastKnownFileType = text.xcconfig; name = "Pods-InstagramClone.release.xcconfig"; path = "Target Support Files/Pods-InstagramClone/Pods-InstagramClone.release.xcconfig"; sourceTree = "<group>"; };
/* End PBXFileReference section */

/* Begin PBXFrameworksBuildPhase section */
		CE238D2023F48D6100B899EE /* Frameworks */ = {
			isa = PBXFrameworksBuildPhase;
			buildActionMask = 2147483647;
			files = (
				A88C07DE715B32406EE1C5ED /* Pods_InstagramClone.framework in Frameworks */,
			);
			runOnlyForDeploymentPostprocessing = 0;
		};
		CE238D3423F48D6300B899EE /* Frameworks */ = {
			isa = PBXFrameworksBuildPhase;
			buildActionMask = 2147483647;
			files = (
				523B2F593A5EFCDB5A9C4F91 /* Pods_InstagramCloneTests.framework in Frameworks */,
			);
			runOnlyForDeploymentPostprocessing = 0;
		};
		CE238D3F23F48D6300B899EE /* Frameworks */ = {
			isa = PBXFrameworksBuildPhase;
			buildActionMask = 2147483647;
			files = (
				BD40C798905E374A9BE1AD86 /* Pods_InstagramCloneUITests.framework in Frameworks */,
			);
			runOnlyForDeploymentPostprocessing = 0;
		};
/* End PBXFrameworksBuildPhase section */

/* Begin PBXGroup section */
		32A910D9681254B87F31BF93 /* Frameworks */ = {
			isa = PBXGroup;
			children = (
				32CD5477B1D74D3DF0E15547 /* Pods_InstagramClone.framework */,
				C1DE571CE3016C18008843D2 /* Pods_InstagramCloneTests.framework */,
				167EA6151DB12D5FE1B90A41 /* Pods_InstagramCloneUITests.framework */,
			);
			name = Frameworks;
			sourceTree = "<group>";
		};
		CE238D1A23F48D6100B899EE = {
			isa = PBXGroup;
			children = (
				CE238D2523F48D6100B899EE /* InstagramClone */,
				CE3BFF9E23F818A70044760B /* ProgressHUD.bundle */,
				CE3BFFA023F818A70044760B /* ProgressHUD.h */,
				CE3BFF9F23F818A70044760B /* ProgressHUD.m */,
				CE238D3A23F48D6300B899EE /* InstagramCloneTests */,
				CE238D4523F48D6300B899EE /* InstagramCloneUITests */,
				CE238D2423F48D6100B899EE /* Products */,
				F5DDDDDC578851F261D50B87 /* Pods */,
				32A910D9681254B87F31BF93 /* Frameworks */,
				CE3BFF9D23F818A60044760B /* InstagramClone-Bridging-Header.h */,
			);
			sourceTree = "<group>";
		};
		CE238D2423F48D6100B899EE /* Products */ = {
			isa = PBXGroup;
			children = (
				CE238D2323F48D6100B899EE /* InstagramClone.app */,
				CE238D3723F48D6300B899EE /* InstagramCloneTests.xctest */,
				CE238D4223F48D6300B899EE /* InstagramCloneUITests.xctest */,
			);
			name = Products;
			sourceTree = "<group>";
		};
		CE238D2523F48D6100B899EE /* InstagramClone */ = {
			isa = PBXGroup;
			children = (
				CE238D6F23F54EB500B899EE /* Storyboards */,
				CE238D7023F54ED300B899EE /* ViewControllers */,
				CE238D2D23F48D6300B899EE /* Assets.xcassets */,
				CE238D2F23F48D6300B899EE /* LaunchScreen.storyboard */,
				CE238D2623F48D6100B899EE /* AppDelegate.swift */,
				CE238D3223F48D6300B899EE /* Info.plist */,
				CE51C6DB23F5F3B700B382BD /* GoogleService-Info.plist */,
				CE3BFF9B23F7FD460044760B /* AuthService.swift */,
			);
			path = InstagramClone;
			sourceTree = "<group>";
		};
		CE238D3A23F48D6300B899EE /* InstagramCloneTests */ = {
			isa = PBXGroup;
			children = (
				CE238D3B23F48D6300B899EE /* InstagramCloneTests.swift */,
				CE238D3D23F48D6300B899EE /* Info.plist */,
			);
			path = InstagramCloneTests;
			sourceTree = "<group>";
		};
		CE238D4523F48D6300B899EE /* InstagramCloneUITests */ = {
			isa = PBXGroup;
			children = (
				CE238D4623F48D6300B899EE /* InstagramCloneUITests.swift */,
				CE238D4823F48D6300B899EE /* Info.plist */,
			);
			path = InstagramCloneUITests;
			sourceTree = "<group>";
		};
		CE238D6F23F54EB500B899EE /* Storyboards */ = {
			isa = PBXGroup;
			children = (
				CE238D6D23F4C45A00B899EE /* Profile.storyboard */,
				CE238D6A23F4C43A00B899EE /* Activity.storyboard */,
				CE238D6823F4C41000B899EE /* Camera.storyboard */,
				CE238D6523F4C3E500B899EE /* Discover.storyboard */,
				CE238D6323F4C3C100B899EE /* Home.storyboard */,
				CE238D6023F4C05D00B899EE /* Main.storyboard */,
				CE238D2A23F48D6100B899EE /* Start.storyboard */,
			);
			path = Storyboards;
			sourceTree = "<group>";
		};
		CE238D7023F54ED300B899EE /* ViewControllers */ = {
			isa = PBXGroup;
			children = (
				CE238D5A23F4BA4400B899EE /* CameraViewController.swift */,
				CE238D5C23F4BA9A00B899EE /* ActivityViewController.swift */,
				CE238D5E23F4BAC800B899EE /* ProfileViewController.swift */,
				CE238D2823F48D6100B899EE /* SignInViewController.swift */,
				CE238D5423F4AC0F00B899EE /* SignUpViewController.swift */,
				CE238D5623F4B9E800B899EE /* HomeViewController.swift */,
				CE238D5823F4BA1400B899EE /* SerchViewController.swift */,
			);
			path = ViewControllers;
			sourceTree = "<group>";
		};
		F5DDDDDC578851F261D50B87 /* Pods */ = {
			isa = PBXGroup;
			children = (
				BCB299421CDE38FAD0C221EA /* Pods-InstagramClone.debug.xcconfig */,
				ED7B61A40967BC3733B0023D /* Pods-InstagramClone.release.xcconfig */,
				3A32EAB3EDBB4F2A46BA4FA5 /* Pods-InstagramCloneTests.debug.xcconfig */,
				074150E8BD78C22EAB4CD7E0 /* Pods-InstagramCloneTests.release.xcconfig */,
				B1A31767B049CE4152C9D132 /* Pods-InstagramCloneUITests.debug.xcconfig */,
				96F7713BBCF4663EF34A143F /* Pods-InstagramCloneUITests.release.xcconfig */,
			);
			path = Pods;
			sourceTree = "<group>";
		};
/* End PBXGroup section */

/* Begin PBXNativeTarget section */
		CE238D2223F48D6100B899EE /* InstagramClone */ = {
			isa = PBXNativeTarget;
			buildConfigurationList = CE238D4B23F48D6300B899EE /* Build configuration list for PBXNativeTarget "InstagramClone" */;
			buildPhases = (
				8E73A194B9586AFE422DAB9C /* [CP] Check Pods Manifest.lock */,
				CE238D1F23F48D6100B899EE /* Sources */,
				CE238D2023F48D6100B899EE /* Frameworks */,
				CE238D2123F48D6100B899EE /* Resources */,
				B43B7A422A9B50F37304DBBE /* [CP] Embed Pods Frameworks */,
			);
			buildRules = (
			);
			dependencies = (
			);
			name = InstagramClone;
			productName = InstagramClone;
			productReference = CE238D2323F48D6100B899EE /* InstagramClone.app */;
			productType = "com.apple.product-type.application";
		};
		CE238D3623F48D6300B899EE /* InstagramCloneTests */ = {
			isa = PBXNativeTarget;
			buildConfigurationList = CE238D4E23F48D6300B899EE /* Build configuration list for PBXNativeTarget "InstagramCloneTests" */;
			buildPhases = (
				4B033A4A893A636782F71E01 /* [CP] Check Pods Manifest.lock */,
				CE238D3323F48D6300B899EE /* Sources */,
				CE238D3423F48D6300B899EE /* Frameworks */,
				CE238D3523F48D6300B899EE /* Resources */,
			);
			buildRules = (
			);
			dependencies = (
				CE238D3923F48D6300B899EE /* PBXTargetDependency */,
			);
			name = InstagramCloneTests;
			productName = InstagramCloneTests;
			productReference = CE238D3723F48D6300B899EE /* InstagramCloneTests.xctest */;
			productType = "com.apple.product-type.bundle.unit-test";
		};
		CE238D4123F48D6300B899EE /* InstagramCloneUITests */ = {
			isa = PBXNativeTarget;
			buildConfigurationList = CE238D5123F48D6300B899EE /* Build configuration list for PBXNativeTarget "InstagramCloneUITests" */;
			buildPhases = (
				196519CD15A40634693E2EB7 /* [CP] Check Pods Manifest.lock */,
				CE238D3E23F48D6300B899EE /* Sources */,
				CE238D3F23F48D6300B899EE /* Frameworks */,
				CE238D4023F48D6300B899EE /* Resources */,
			);
			buildRules = (
			);
			dependencies = (
				CE238D4423F48D6300B899EE /* PBXTargetDependency */,
			);
			name = InstagramCloneUITests;
			productName = InstagramCloneUITests;
			productReference = CE238D4223F48D6300B899EE /* InstagramCloneUITests.xctest */;
			productType = "com.apple.product-type.bundle.ui-testing";
		};
/* End PBXNativeTarget section */

/* Begin PBXProject section */
		CE238D1B23F48D6100B899EE /* Project object */ = {
			isa = PBXProject;
			attributes = {
				LastSwiftUpdateCheck = 1030;
				LastUpgradeCheck = 1030;
				ORGANIZATIONNAME = martins;
				TargetAttributes = {
					CE238D2223F48D6100B899EE = {
						CreatedOnToolsVersion = 10.3;
						LastSwiftMigration = 1030;
					};
					CE238D3623F48D6300B899EE = {
						CreatedOnToolsVersion = 10.3;
						TestTargetID = CE238D2223F48D6100B899EE;
					};
					CE238D4123F48D6300B899EE = {
						CreatedOnToolsVersion = 10.3;
						TestTargetID = CE238D2223F48D6100B899EE;
					};
				};
			};
			buildConfigurationList = CE238D1E23F48D6100B899EE /* Build configuration list for PBXProject "InstagramClone" */;
			compatibilityVersion = "Xcode 9.3";
			developmentRegion = en;
			hasScannedForEncodings = 0;
			knownRegions = (
				en,
				Base,
			);
			mainGroup = CE238D1A23F48D6100B899EE;
			productRefGroup = CE238D2423F48D6100B899EE /* Products */;
			projectDirPath = "";
			projectRoot = "";
			targets = (
				CE238D2223F48D6100B899EE /* InstagramClone */,
				CE238D3623F48D6300B899EE /* InstagramCloneTests */,
				CE238D4123F48D6300B899EE /* InstagramCloneUITests */,
			);
		};
/* End PBXProject section */

/* Begin PBXResourcesBuildPhase section */
		CE238D2123F48D6100B899EE /* Resources */ = {
			isa = PBXResourcesBuildPhase;
			buildActionMask = 2147483647;
			files = (
				CE3BFFA123F818A70044760B /* ProgressHUD.bundle in Resources */,
				CE238D3123F48D6300B899EE /* LaunchScreen.storyboard in Resources */,
				CE238D6923F4C41000B899EE /* Camera.storyboard in Resources */,
				CE238D6423F4C3C100B899EE /* Home.storyboard in Resources */,
				CE238D2E23F48D6300B899EE /* Assets.xcassets in Resources */,
				CE238D2C23F48D6100B899EE /* Start.storyboard in Resources */,
				CE238D6223F4C05D00B899EE /* Main.storyboard in Resources */,
				CE238D6E23F4C45A00B899EE /* Profile.storyboard in Resources */,
				CE51C6DC23F5F3B700B382BD /* GoogleService-Info.plist in Resources */,
				CE238D6723F4C3E500B899EE /* Discover.storyboard in Resources */,
				CE238D6C23F4C43A00B899EE /* Activity.storyboard in Resources */,
			);
			runOnlyForDeploymentPostprocessing = 0;
		};
		CE238D3523F48D6300B899EE /* Resources */ = {
			isa = PBXResourcesBuildPhase;
			buildActionMask = 2147483647;
			files = (
			);
			runOnlyForDeploymentPostprocessing = 0;
		};
		CE238D4023F48D6300B899EE /* Resources */ = {
			isa = PBXResourcesBuildPhase;
			buildActionMask = 2147483647;
			files = (
			);
			runOnlyForDeploymentPostprocessing = 0;
		};
/* End PBXResourcesBuildPhase section */

/* Begin PBXShellScriptBuildPhase section */
		196519CD15A40634693E2EB7 /* [CP] Check Pods Manifest.lock */ = {
			isa = PBXShellScriptBuildPhase;
			buildActionMask = 2147483647;
			files = (
			);
			inputFileListPaths = (
			);
			inputPaths = (
				"${PODS_PODFILE_DIR_PATH}/Podfile.lock",
				"${PODS_ROOT}/Manifest.lock",
			);
			name = "[CP] Check Pods Manifest.lock";
			outputFileListPaths = (
			);
			outputPaths = (
				"$(DERIVED_FILE_DIR)/Pods-InstagramCloneUITests-checkManifestLockResult.txt",
			);
			runOnlyForDeploymentPostprocessing = 0;
			shellPath = /bin/sh;
			shellScript = "diff \"${PODS_PODFILE_DIR_PATH}/Podfile.lock\" \"${PODS_ROOT}/Manifest.lock\" > /dev/null\nif [ $? != 0 ] ; then\n    # print error to STDERR\n    echo \"error: The sandbox is not in sync with the Podfile.lock. Run 'pod install' or update your CocoaPods installation.\" >&2\n    exit 1\nfi\n# This output is used by Xcode 'outputs' to avoid re-running this script phase.\necho \"SUCCESS\" > \"${SCRIPT_OUTPUT_FILE_0}\"\n";
			showEnvVarsInLog = 0;
		};
		4B033A4A893A636782F71E01 /* [CP] Check Pods Manifest.lock */ = {
			isa = PBXShellScriptBuildPhase;
			buildActionMask = 2147483647;
			files = (
			);
			inputFileListPaths = (
			);
			inputPaths = (
				"${PODS_PODFILE_DIR_PATH}/Podfile.lock",
				"${PODS_ROOT}/Manifest.lock",
			);
			name = "[CP] Check Pods Manifest.lock";
			outputFileListPaths = (
			);
			outputPaths = (
				"$(DERIVED_FILE_DIR)/Pods-InstagramCloneTests-checkManifestLockResult.txt",
			);
			runOnlyForDeploymentPostprocessing = 0;
			shellPath = /bin/sh;
			shellScript = "diff \"${PODS_PODFILE_DIR_PATH}/Podfile.lock\" \"${PODS_ROOT}/Manifest.lock\" > /dev/null\nif [ $? != 0 ] ; then\n    # print error to STDERR\n    echo \"error: The sandbox is not in sync with the Podfile.lock. Run 'pod install' or update your CocoaPods installation.\" >&2\n    exit 1\nfi\n# This output is used by Xcode 'outputs' to avoid re-running this script phase.\necho \"SUCCESS\" > \"${SCRIPT_OUTPUT_FILE_0}\"\n";
			showEnvVarsInLog = 0;
		};
		8E73A194B9586AFE422DAB9C /* [CP] Check Pods Manifest.lock */ = {
			isa = PBXShellScriptBuildPhase;
			buildActionMask = 2147483647;
			files = (
			);
			inputFileListPaths = (
			);
			inputPaths = (
				"${PODS_PODFILE_DIR_PATH}/Podfile.lock",
				"${PODS_ROOT}/Manifest.lock",
			);
			name = "[CP] Check Pods Manifest.lock";
			outputFileListPaths = (
			);
			outputPaths = (
				"$(DERIVED_FILE_DIR)/Pods-InstagramClone-checkManifestLockResult.txt",
			);
			runOnlyForDeploymentPostprocessing = 0;
			shellPath = /bin/sh;
			shellScript = "diff \"${PODS_PODFILE_DIR_PATH}/Podfile.lock\" \"${PODS_ROOT}/Manifest.lock\" > /dev/null\nif [ $? != 0 ] ; then\n    # print error to STDERR\n    echo \"error: The sandbox is not in sync with the Podfile.lock. Run 'pod install' or update your CocoaPods installation.\" >&2\n    exit 1\nfi\n# This output is used by Xcode 'outputs' to avoid re-running this script phase.\necho \"SUCCESS\" > \"${SCRIPT_OUTPUT_FILE_0}\"\n";
			showEnvVarsInLog = 0;
		};
		B43B7A422A9B50F37304DBBE /* [CP] Embed Pods Frameworks */ = {
			isa = PBXShellScriptBuildPhase;
			buildActionMask = 2147483647;
			files = (
			);
			inputFileListPaths = (
				"${PODS_ROOT}/Target Support Files/Pods-InstagramClone/Pods-InstagramClone-frameworks-${CONFIGURATION}-input-files.xcfilelist",
			);
			name = "[CP] Embed Pods Frameworks";
			outputFileListPaths = (
				"${PODS_ROOT}/Target Support Files/Pods-InstagramClone/Pods-InstagramClone-frameworks-${CONFIGURATION}-output-files.xcfilelist",
			);
			runOnlyForDeploymentPostprocessing = 0;
			shellPath = /bin/sh;
			shellScript = "\"${PODS_ROOT}/Target Support Files/Pods-InstagramClone/Pods-InstagramClone-frameworks.sh\"\n";
			showEnvVarsInLog = 0;
		};
/* End PBXShellScriptBuildPhase section */

/* Begin PBXSourcesBuildPhase section */
		CE238D1F23F48D6100B899EE /* Sources */ = {
			isa = PBXSourcesBuildPhase;
			buildActionMask = 2147483647;
			files = (
				CE238D5523F4AC0F00B899EE /* SignUpViewController.swift in Sources */,
				CE238D2923F48D6100B899EE /* SignInViewController.swift in Sources */,
				CE3BFFA223F818A70044760B /* ProgressHUD.m in Sources */,
				CE238D2723F48D6100B899EE /* AppDelegate.swift in Sources */,
				CE3BFF9C23F7FD460044760B /* AuthService.swift in Sources */,
				CE238D5723F4B9E800B899EE /* HomeViewController.swift in Sources */,
				CE238D5D23F4BA9A00B899EE /* ActivityViewController.swift in Sources */,
				CE238D5923F4BA1400B899EE /* SerchViewController.swift in Sources */,
				CE238D5F23F4BAC800B899EE /* ProfileViewController.swift in Sources */,
				CE238D5B23F4BA4400B899EE /* CameraViewController.swift in Sources */,
			);
			runOnlyForDeploymentPostprocessing = 0;
		};
		CE238D3323F48D6300B899EE /* Sources */ = {
			isa = PBXSourcesBuildPhase;
			buildActionMask = 2147483647;
			files = (
				CE238D3C23F48D6300B899EE /* InstagramCloneTests.swift in Sources */,
			);
			runOnlyForDeploymentPostprocessing = 0;
		};
		CE238D3E23F48D6300B899EE /* Sources */ = {
			isa = PBXSourcesBuildPhase;
			buildActionMask = 2147483647;
			files = (
				CE238D4723F48D6300B899EE /* InstagramCloneUITests.swift in Sources */,
			);
			runOnlyForDeploymentPostprocessing = 0;
		};
/* End PBXSourcesBuildPhase section */

/* Begin PBXTargetDependency section */
		CE238D3923F48D6300B899EE /* PBXTargetDependency */ = {
			isa = PBXTargetDependency;
			target = CE238D2223F48D6100B899EE /* InstagramClone */;
			targetProxy = CE238D3823F48D6300B899EE /* PBXContainerItemProxy */;
		};
		CE238D4423F48D6300B899EE /* PBXTargetDependency */ = {
			isa = PBXTargetDependency;
			target = CE238D2223F48D6100B899EE /* InstagramClone */;
			targetProxy = CE238D4323F48D6300B899EE /* PBXContainerItemProxy */;
		};
/* End PBXTargetDependency section */

/* Begin PBXVariantGroup section */
		CE238D2A23F48D6100B899EE /* Start.storyboard */ = {
			isa = PBXVariantGroup;
			children = (
				CE238D2B23F48D6100B899EE /* Base */,
			);
			name = Start.storyboard;
			sourceTree = "<group>";
		};
		CE238D2F23F48D6300B899EE /* LaunchScreen.storyboard */ = {
			isa = PBXVariantGroup;
			children = (
				CE238D3023F48D6300B899EE /* Base */,
			);
			name = LaunchScreen.storyboard;
			sourceTree = "<group>";
		};
		CE238D6023F4C05D00B899EE /* Main.storyboard */ = {
			isa = PBXVariantGroup;
			children = (
				CE238D6123F4C05D00B899EE /* Base */,
			);
			name = Main.storyboard;
			sourceTree = "<group>";
		};
		CE238D6523F4C3E500B899EE /* Discover.storyboard */ = {
			isa = PBXVariantGroup;
			children = (
				CE238D6623F4C3E500B899EE /* Base */,
			);
			name = Discover.storyboard;
			sourceTree = "<group>";
		};
		CE238D6A23F4C43A00B899EE /* Activity.storyboard */ = {
			isa = PBXVariantGroup;
			children = (
				CE238D6B23F4C43A00B899EE /* Base */,
			);
			name = Activity.storyboard;
			sourceTree = "<group>";
		};
/* End PBXVariantGroup section */

/* Begin XCBuildConfiguration section */
		CE238D4923F48D6300B899EE /* Debug */ = {
			isa = XCBuildConfiguration;
			buildSettings = {
				ALWAYS_SEARCH_USER_PATHS = NO;
				CLANG_ANALYZER_NONNULL = YES;
				CLANG_ANALYZER_NUMBER_OBJECT_CONVERSION = YES_AGGRESSIVE;
				CLANG_CXX_LANGUAGE_STANDARD = "gnu++14";
				CLANG_CXX_LIBRARY = "libc++";
				CLANG_ENABLE_MODULES = YES;
				CLANG_ENABLE_OBJC_ARC = YES;
				CLANG_ENABLE_OBJC_WEAK = YES;
				CLANG_WARN_BLOCK_CAPTURE_AUTORELEASING = YES;
				CLANG_WARN_BOOL_CONVERSION = YES;
				CLANG_WARN_COMMA = YES;
				CLANG_WARN_CONSTANT_CONVERSION = YES;
				CLANG_WARN_DEPRECATED_OBJC_IMPLEMENTATIONS = YES;
				CLANG_WARN_DIRECT_OBJC_ISA_USAGE = YES_ERROR;
				CLANG_WARN_DOCUMENTATION_COMMENTS = YES;
				CLANG_WARN_EMPTY_BODY = YES;
				CLANG_WARN_ENUM_CONVERSION = YES;
				CLANG_WARN_INFINITE_RECURSION = YES;
				CLANG_WARN_INT_CONVERSION = YES;
				CLANG_WARN_NON_LITERAL_NULL_CONVERSION = YES;
				CLANG_WARN_OBJC_IMPLICIT_RETAIN_SELF = YES;
				CLANG_WARN_OBJC_LITERAL_CONVERSION = YES;
				CLANG_WARN_OBJC_ROOT_CLASS = YES_ERROR;
				CLANG_WARN_RANGE_LOOP_ANALYSIS = YES;
				CLANG_WARN_STRICT_PROTOTYPES = YES;
				CLANG_WARN_SUSPICIOUS_MOVE = YES;
				CLANG_WARN_UNGUARDED_AVAILABILITY = YES_AGGRESSIVE;
				CLANG_WARN_UNREACHABLE_CODE = YES;
				CLANG_WARN__DUPLICATE_METHOD_MATCH = YES;
				CODE_SIGN_IDENTITY = "iPhone Developer";
				COPY_PHASE_STRIP = NO;
				DEBUG_INFORMATION_FORMAT = dwarf;
				ENABLE_STRICT_OBJC_MSGSEND = YES;
				ENABLE_TESTABILITY = YES;
				GCC_C_LANGUAGE_STANDARD = gnu11;
				GCC_DYNAMIC_NO_PIC = NO;
				GCC_NO_COMMON_BLOCKS = YES;
				GCC_OPTIMIZATION_LEVEL = 0;
				GCC_PREPROCESSOR_DEFINITIONS = (
					"DEBUG=1",
					"$(inherited)",
				);
				GCC_WARN_64_TO_32_BIT_CONVERSION = YES;
				GCC_WARN_ABOUT_RETURN_TYPE = YES_ERROR;
				GCC_WARN_UNDECLARED_SELECTOR = YES;
				GCC_WARN_UNINITIALIZED_AUTOS = YES_AGGRESSIVE;
				GCC_WARN_UNUSED_FUNCTION = YES;
				GCC_WARN_UNUSED_VARIABLE = YES;
				IPHONEOS_DEPLOYMENT_TARGET = 12.4;
				MTL_ENABLE_DEBUG_INFO = INCLUDE_SOURCE;
				MTL_FAST_MATH = YES;
				ONLY_ACTIVE_ARCH = YES;
				SDKROOT = iphoneos;
				SWIFT_ACTIVE_COMPILATION_CONDITIONS = DEBUG;
				SWIFT_OPTIMIZATION_LEVEL = "-Onone";
			};
			name = Debug;
		};
		CE238D4A23F48D6300B899EE /* Release */ = {
			isa = XCBuildConfiguration;
			buildSettings = {
				ALWAYS_SEARCH_USER_PATHS = NO;
				CLANG_ANALYZER_NONNULL = YES;
				CLANG_ANALYZER_NUMBER_OBJECT_CONVERSION = YES_AGGRESSIVE;
				CLANG_CXX_LANGUAGE_STANDARD = "gnu++14";
				CLANG_CXX_LIBRARY = "libc++";
				CLANG_ENABLE_MODULES = YES;
				CLANG_ENABLE_OBJC_ARC = YES;
				CLANG_ENABLE_OBJC_WEAK = YES;
				CLANG_WARN_BLOCK_CAPTURE_AUTORELEASING = YES;
				CLANG_WARN_BOOL_CONVERSION = YES;
				CLANG_WARN_COMMA = YES;
				CLANG_WARN_CONSTANT_CONVERSION = YES;
				CLANG_WARN_DEPRECATED_OBJC_IMPLEMENTATIONS = YES;
				CLANG_WARN_DIRECT_OBJC_ISA_USAGE = YES_ERROR;
				CLANG_WARN_DOCUMENTATION_COMMENTS = YES;
				CLANG_WARN_EMPTY_BODY = YES;
				CLANG_WARN_ENUM_CONVERSION = YES;
				CLANG_WARN_INFINITE_RECURSION = YES;
				CLANG_WARN_INT_CONVERSION = YES;
				CLANG_WARN_NON_LITERAL_NULL_CONVERSION = YES;
				CLANG_WARN_OBJC_IMPLICIT_RETAIN_SELF = YES;
				CLANG_WARN_OBJC_LITERAL_CONVERSION = YES;
				CLANG_WARN_OBJC_ROOT_CLASS = YES_ERROR;
				CLANG_WARN_RANGE_LOOP_ANALYSIS = YES;
				CLANG_WARN_STRICT_PROTOTYPES = YES;
				CLANG_WARN_SUSPICIOUS_MOVE = YES;
				CLANG_WARN_UNGUARDED_AVAILABILITY = YES_AGGRESSIVE;
				CLANG_WARN_UNREACHABLE_CODE = YES;
				CLANG_WARN__DUPLICATE_METHOD_MATCH = YES;
				CODE_SIGN_IDENTITY = "iPhone Developer";
				COPY_PHASE_STRIP = NO;
				DEBUG_INFORMATION_FORMAT = "dwarf-with-dsym";
				ENABLE_NS_ASSERTIONS = NO;
				ENABLE_STRICT_OBJC_MSGSEND = YES;
				GCC_C_LANGUAGE_STANDARD = gnu11;
				GCC_NO_COMMON_BLOCKS = YES;
				GCC_WARN_64_TO_32_BIT_CONVERSION = YES;
				GCC_WARN_ABOUT_RETURN_TYPE = YES_ERROR;
				GCC_WARN_UNDECLARED_SELECTOR = YES;
				GCC_WARN_UNINITIALIZED_AUTOS = YES_AGGRESSIVE;
				GCC_WARN_UNUSED_FUNCTION = YES;
				GCC_WARN_UNUSED_VARIABLE = YES;
				IPHONEOS_DEPLOYMENT_TARGET = 12.4;
				MTL_ENABLE_DEBUG_INFO = NO;
				MTL_FAST_MATH = YES;
				SDKROOT = iphoneos;
				SWIFT_COMPILATION_MODE = wholemodule;
				SWIFT_OPTIMIZATION_LEVEL = "-O";
				VALIDATE_PRODUCT = YES;
			};
			name = Release;
		};
		CE238D4C23F48D6300B899EE /* Debug */ = {
			isa = XCBuildConfiguration;
			baseConfigurationReference = BCB299421CDE38FAD0C221EA /* Pods-InstagramClone.debug.xcconfig */;
			buildSettings = {
				ASSETCATALOG_COMPILER_APPICON_NAME = AppIcon;
				CLANG_ENABLE_MODULES = YES;
				CODE_SIGN_STYLE = Automatic;
				DEVELOPMENT_TEAM = JF9T5L7ML9;
				INFOPLIST_FILE = InstagramClone/Info.plist;
				LD_RUNPATH_SEARCH_PATHS = (
					"$(inherited)",
					"@executable_path/Frameworks",
				);
				PRODUCT_BUNDLE_IDENTIFIER = martins.InstagramClone;
				PRODUCT_NAME = "$(TARGET_NAME)";
				SWIFT_OBJC_BRIDGING_HEADER = "InstagramClone-Bridging-Header.h";
				SWIFT_OPTIMIZATION_LEVEL = "-Onone";
				SWIFT_VERSION = 5.0;
				TARGETED_DEVICE_FAMILY = "1,2";
			};
			name = Debug;
		};
		CE238D4D23F48D6300B899EE /* Release */ = {
			isa = XCBuildConfiguration;
			baseConfigurationReference = ED7B61A40967BC3733B0023D /* Pods-InstagramClone.release.xcconfig */;
			buildSettings = {
				ASSETCATALOG_COMPILER_APPICON_NAME = AppIcon;
				CLANG_ENABLE_MODULES = YES;
				CODE_SIGN_STYLE = Automatic;
				DEVELOPMENT_TEAM = JF9T5L7ML9;
				INFOPLIST_FILE = InstagramClone/Info.plist;
				LD_RUNPATH_SEARCH_PATHS = (
					"$(inherited)",
					"@executable_path/Frameworks",
				);
				PRODUCT_BUNDLE_IDENTIFIER = martins.InstagramClone;
				PRODUCT_NAME = "$(TARGET_NAME)";
				SWIFT_OBJC_BRIDGING_HEADER = "InstagramClone-Bridging-Header.h";
				SWIFT_VERSION = 5.0;
				TARGETED_DEVICE_FAMILY = "1,2";
			};
			name = Release;
		};
		CE238D4F23F48D6300B899EE /* Debug */ = {
			isa = XCBuildConfiguration;
			baseConfigurationReference = 3A32EAB3EDBB4F2A46BA4FA5 /* Pods-InstagramCloneTests.debug.xcconfig */;
			buildSettings = {
				ALWAYS_EMBED_SWIFT_STANDARD_LIBRARIES = YES;
				BUNDLE_LOADER = "$(TEST_HOST)";
				CODE_SIGN_STYLE = Automatic;
				INFOPLIST_FILE = InstagramCloneTests/Info.plist;
				LD_RUNPATH_SEARCH_PATHS = (
					"$(inherited)",
					"@executable_path/Frameworks",
					"@loader_path/Frameworks",
				);
				PRODUCT_BUNDLE_IDENTIFIER = martins.InstagramCloneTests;
				PRODUCT_NAME = "$(TARGET_NAME)";
				SWIFT_VERSION = 5.0;
				TARGETED_DEVICE_FAMILY = "1,2";
				TEST_HOST = "$(BUILT_PRODUCTS_DIR)/InstagramClone.app/InstagramClone";
			};
			name = Debug;
		};
		CE238D5023F48D6300B899EE /* Release */ = {
			isa = XCBuildConfiguration;
			baseConfigurationReference = 074150E8BD78C22EAB4CD7E0 /* Pods-InstagramCloneTests.release.xcconfig */;
			buildSettings = {
				ALWAYS_EMBED_SWIFT_STANDARD_LIBRARIES = YES;
				BUNDLE_LOADER = "$(TEST_HOST)";
				CODE_SIGN_STYLE = Automatic;
				INFOPLIST_FILE = InstagramCloneTests/Info.plist;
				LD_RUNPATH_SEARCH_PATHS = (
					"$(inherited)",
					"@executable_path/Frameworks",
					"@loader_path/Frameworks",
				);
				PRODUCT_BUNDLE_IDENTIFIER = martins.InstagramCloneTests;
				PRODUCT_NAME = "$(TARGET_NAME)";
				SWIFT_VERSION = 5.0;
				TARGETED_DEVICE_FAMILY = "1,2";
				TEST_HOST = "$(BUILT_PRODUCTS_DIR)/InstagramClone.app/InstagramClone";
			};
			name = Release;
		};
		CE238D5223F48D6300B899EE /* Debug */ = {
			isa = XCBuildConfiguration;
			baseConfigurationReference = B1A31767B049CE4152C9D132 /* Pods-InstagramCloneUITests.debug.xcconfig */;
			buildSettings = {
				ALWAYS_EMBED_SWIFT_STANDARD_LIBRARIES = YES;
				CODE_SIGN_STYLE = Automatic;
				INFOPLIST_FILE = InstagramCloneUITests/Info.plist;
				LD_RUNPATH_SEARCH_PATHS = (
					"$(inherited)",
					"@executable_path/Frameworks",
					"@loader_path/Frameworks",
				);
				PRODUCT_BUNDLE_IDENTIFIER = martins.InstagramCloneUITests;
				PRODUCT_NAME = "$(TARGET_NAME)";
				SWIFT_VERSION = 5.0;
				TARGETED_DEVICE_FAMILY = "1,2";
				TEST_TARGET_NAME = InstagramClone;
			};
			name = Debug;
		};
		CE238D5323F48D6300B899EE /* Release */ = {
			isa = XCBuildConfiguration;
			baseConfigurationReference = 96F7713BBCF4663EF34A143F /* Pods-InstagramCloneUITests.release.xcconfig */;
			buildSettings = {
				ALWAYS_EMBED_SWIFT_STANDARD_LIBRARIES = YES;
				CODE_SIGN_STYLE = Automatic;
				INFOPLIST_FILE = InstagramCloneUITests/Info.plist;
				LD_RUNPATH_SEARCH_PATHS = (
					"$(inherited)",
					"@executable_path/Frameworks",
					"@loader_path/Frameworks",
				);
				PRODUCT_BUNDLE_IDENTIFIER = martins.InstagramCloneUITests;
				PRODUCT_NAME = "$(TARGET_NAME)";
				SWIFT_VERSION = 5.0;
				TARGETED_DEVICE_FAMILY = "1,2";
				TEST_TARGET_NAME = InstagramClone;
			};
			name = Release;
		};
/* End XCBuildConfiguration section */

/* Begin XCConfigurationList section */
		CE238D1E23F48D6100B899EE /* Build configuration list for PBXProject "InstagramClone" */ = {
			isa = XCConfigurationList;
			buildConfigurations = (
				CE238D4923F48D6300B899EE /* Debug */,
				CE238D4A23F48D6300B899EE /* Release */,
			);
			defaultConfigurationIsVisible = 0;
			defaultConfigurationName = Release;
		};
		CE238D4B23F48D6300B899EE /* Build configuration list for PBXNativeTarget "InstagramClone" */ = {
			isa = XCConfigurationList;
			buildConfigurations = (
				CE238D4C23F48D6300B899EE /* Debug */,
				CE238D4D23F48D6300B899EE /* Release */,
			);
			defaultConfigurationIsVisible = 0;
			defaultConfigurationName = Release;
		};
		CE238D4E23F48D6300B899EE /* Build configuration list for PBXNativeTarget "InstagramCloneTests" */ = {
			isa = XCConfigurationList;
			buildConfigurations = (
				CE238D4F23F48D6300B899EE /* Debug */,
				CE238D5023F48D6300B899EE /* Release */,
			);
			defaultConfigurationIsVisible = 0;
			defaultConfigurationName = Release;
		};
		CE238D5123F48D6300B899EE /* Build configuration list for PBXNativeTarget "InstagramCloneUITests" */ = {
			isa = XCConfigurationList;
			buildConfigurations = (
				CE238D5223F48D6300B899EE /* Debug */,
				CE238D5323F48D6300B899EE /* Release */,
			);
			defaultConfigurationIsVisible = 0;
			defaultConfigurationName = Release;
		};
/* End XCConfigurationList section */
	};
	rootObject = CE238D1B23F48D6100B899EE /* Project object */;
}
